
Microsoft Visual Studio Solution File, Format Version 12.00
# Visual Studio 15
VisualStudioVersion = 15.0.27130.2024
MinimumVisualStudioVersion = 10.0.40219.1
Project("{9A19103F-16F7-4668-BE54-9A1E7A4F7556}") = "TodoMVC", "TodoMVC.WebAPI\TodoMVC.csproj", "{8701A706-2AC4-428E-9BAF-31A2BD92111F}"
EndProject
Project("{FAE04EC0-301F-11D3-BF4B-00C04F79EFBC}") = "TodoMVC.Domain", "TodoMVC.Domain\TodoMVC.Domain.csproj", "{9E4FDF6F-32B0-4996-9686-AF533F5872A1}"
EndProject
Project("{FAE04EC0-301F-11D3-BF4B-00C04F79EFBC}") = "TodoMVC.Domain.Tests", "TodoMVC.Domain.Tests\TodoMVC.Domain.Tests.csproj", "{BD6459F2-33A2-423C-834C-F558CF013CF3}"
EndProject
Global
	GlobalSection(SolutionConfigurationPlatforms) = preSolution
		Debug|Any CPU = Debug|Any CPU
		Release|Any CPU = Release|Any CPU
	EndGlobalSection
	GlobalSection(ProjectConfigurationPlatforms) = postSolution
		{8701A706-2AC4-428E-9BAF-31A2BD92111F}.Debug|Any CPU.ActiveCfg = Debug|Any CPU
		{8701A706-2AC4-428E-9BAF-31A2BD92111F}.Debug|Any CPU.Build.0 = Debug|Any CPU
		{8701A706-2AC4-428E-9BAF-31A2BD92111F}.Release|Any CPU.ActiveCfg = Release|Any CPU
		{8701A706-2AC4-428E-9BAF-31A2BD92111F}.Release|Any CPU.Build.0 = Release|Any CPU
		{9E4FDF6F-32B0-4996-9686-AF533F5872A1}.Debug|Any CPU.ActiveCfg = Debug|Any CPU
		{9E4FDF6F-32B0-4996-9686-AF533F5872A1}.Debug|Any CPU.Build.0 = Debug|Any CPU
		{9E4FDF6F-32B0-4996-9686-AF533F5872A1}.Release|Any CPU.ActiveCfg = Release|Any CPU
		{9E4FDF6F-32B0-4996-9686-AF533F5872A1}.Release|Any CPU.Build.0 = Release|Any CPU
		{BD6459F2-33A2-423C-834C-F558CF013CF3}.Debug|Any CPU.ActiveCfg = Debug|Any CPU
		{BD6459F2-33A2-423C-834C-F558CF013CF3}.Debug|Any CPU.Build.0 = Debug|Any CPU
		{BD6459F2-33A2-423C-834C-F558CF013CF3}.Release|Any CPU.ActiveCfg = Release|Any CPU
		{BD6459F2-33A2-423C-834C-F558CF013CF3}.Release|Any CPU.Build.0 = Release|Any CPU
	EndGlobalSection
	GlobalSection(SolutionProperties) = preSolution
		HideSolutionNode = FALSE
	EndGlobalSection
	GlobalSection(ExtensibilityGlobals) = postSolution
		SolutionGuid = {5D505000-E061-4B6A-A66B-E80C6B84FE65}
	EndGlobalSection
EndGlobal
